<?xml version="1.0" encoding="utf-8"?>
<Project ToolsVersion="4.0" xmlns="http://schemas.microsoft.com/developer/msbuild/2003">
  <ItemGroup>
    <Filter Include="소스 파일">
      <UniqueIdentifier>{4FC737F1-C7A5-4376-A066-2A32D752A2FF}</UniqueIdentifier>
      <Extensions>cpp;c;cc;cxx;def;odl;idl;hpj;bat;asm;asmx</Extensions>
    </Filter>
    <Filter Include="헤더 파일">
      <UniqueIdentifier>{93995380-89BD-4b04-88EB-625FBE52EBFB}</UniqueIdentifier>
      <Extensions>h;hh;hpp;hxx;hm;inl;inc;ipp;xsd</Extensions>
    </Filter>
    <Filter Include="리소스 파일">
      <UniqueIdentifier>{67DA6AB6-F800-4c08-8B7A-83BB121AAD01}</UniqueIdentifier>
      <Extensions>rc;ico;cur;bmp;dlg;rc2;rct;bin;rgs;gif;jpg;jpeg;jpe;resx;tiff;tif;png;wav;mfcribbon-ms</Extensions>
    </Filter>
  </ItemGroup>
  <ItemGroup>
    <ClCompile Include="main.cpp">
      <Filter>소스 파일</Filter>
    </ClCompile>
    <ClCompile Include="ImGui\imgui.cpp">
      <Filter>소스 파일</Filter>
    </ClCompile>
    <ClCompile Include="ImGui\imgui_demo.cpp">
      <Filter>소스 파일</Filter>
    </ClCompile>
    <ClCompile Include="ImGui\imgui_draw.cpp">
      <Filter>소스 파일</Filter>
    </ClCompile>
    <ClCompile Include="ImGui\imgui_impl_glfw.cpp">
      <Filter>소스 파일</Filter>
    </ClCompile>
    <ClCompile Include="ImGui\imgui_impl_opengl3.cpp">
      <Filter>소스 파일</Filter>
    </ClCompile>
    <ClCompile Include="ImGui\imgui_widgets.cpp">
      <Filter>소스 파일</Filter>
    </ClCompile>
    <ClCompile Include="Core\OpenGLCore.cpp">
      <Filter>소스 파일</Filter>
    </ClCompile>
    <ClCompile Include="Core\Task.cpp">
      <Filter>소스 파일</Filter>
    </ClCompile>
    <ClCompile Include="Core\subSystem\Input.cpp">
      <Filter>소스 파일</Filter>
    </ClCompile>
    <ClCompile Include="Core\subSystem\GUI.cpp">
      <Filter>소스 파일</Filter>
    </ClCompile>
    <ClCompile Include="Widget\TestWidget.cpp">
      <Filter>소스 파일</Filter>
    </ClCompile>
    <ClCompile Include="Widget\TestPopup.cpp">
      <Filter>소스 파일</Filter>
    </ClCompile>
    <ClCompile Include="Widget\BrowserPopup.cpp">
      <Filter>소스 파일</Filter>
    </ClCompile>
    <ClCompile Include="Utility\BinaryFile.cpp">
      <Filter>소스 파일</Filter>
    </ClCompile>
    <ClCompile Include="Utility\tinyfiledialogs.c">
      <Filter>소스 파일</Filter>
    </ClCompile>
    <ClCompile Include="Process\TestProcess.cpp">
      <Filter>소스 파일</Filter>
    </ClCompile>
    <ClCompile Include="Widget\FileSelectWidget.cpp">
      <Filter>소스 파일</Filter>
    </ClCompile>
  </ItemGroup>
  <ItemGroup>
    <ClInclude Include="stdafx.h">
      <Filter>헤더 파일</Filter>
    </ClInclude>
    <ClInclude Include="Core\Task.h">
      <Filter>헤더 파일</Filter>
    </ClInclude>
    <ClInclude Include="Core\OpenGLCore.h">
      <Filter>헤더 파일</Filter>
    </ClInclude>
    <ClInclude Include="ImGui\imconfig.h">
      <Filter>헤더 파일</Filter>
    </ClInclude>
    <ClInclude Include="ImGui\imgui.h">
      <Filter>헤더 파일</Filter>
    </ClInclude>
    <ClInclude Include="ImGui\imgui_impl_glfw.h">
      <Filter>헤더 파일</Filter>
    </ClInclude>
    <ClInclude Include="ImGui\imgui_impl_opengl3.h">
      <Filter>헤더 파일</Filter>
    </ClInclude>
    <ClInclude Include="ImGui\imgui_internal.h">
      <Filter>헤더 파일</Filter>
    </ClInclude>
    <ClInclude Include="ImGui\imstb_rectpack.h">
      <Filter>헤더 파일</Filter>
    </ClInclude>
    <ClInclude Include="ImGui\imstb_textedit.h">
      <Filter>헤더 파일</Filter>
    </ClInclude>
    <ClInclude Include="ImGui\imstb_truetype.h">
      <Filter>헤더 파일</Filter>
    </ClInclude>
    <ClInclude Include="ImGuiPlotter\ImAxes.hpp">
      <Filter>헤더 파일</Filter>
    </ClInclude>
    <ClInclude Include="ImGuiPlotter\ImGuiPlotter.hpp">
      <Filter>헤더 파일</Filter>
    </ClInclude>
    <ClInclude Include="ImGuiPlotter\ImPlot.hpp">
      <Filter>헤더 파일</Filter>
    </ClInclude>
    <ClInclude Include="defines.h">
      <Filter>헤더 파일</Filter>
    </ClInclude>
    <ClInclude Include="Widget\IWidget.h">
      <Filter>헤더 파일</Filter>
    </ClInclude>
    <ClInclude Include="Core\subSystem\Timer.h">
      <Filter>헤더 파일</Filter>
    </ClInclude>
    <ClInclude Include="Core\subSystem\ISubSystem.h">
      <Filter>헤더 파일</Filter>
    </ClInclude>
    <ClInclude Include="Core\subSystem\Input.h">
      <Filter>헤더 파일</Filter>
    </ClInclude>
    <ClInclude Include="utility.h">
      <Filter>헤더 파일</Filter>
    </ClInclude>
    <ClInclude Include="Utility\StrUtil.hpp">
      <Filter>헤더 파일</Filter>
    </ClInclude>
    <ClInclude Include="Utility\FilePathUtil.hpp">
      <Filter>헤더 파일</Filter>
    </ClInclude>
    <ClInclude Include="Core\subSystem\GUI.h">
      <Filter>헤더 파일</Filter>
    </ClInclude>
    <ClInclude Include="Core\subSystem\Singleton.h">
      <Filter>헤더 파일</Filter>
    </ClInclude>
    <ClInclude Include="imGuiKR\ImGuiKR.h">
      <Filter>헤더 파일</Filter>
    </ClInclude>
    <ClInclude Include="Widget\TestWidget.h">
      <Filter>헤더 파일</Filter>
    </ClInclude>
    <ClInclude Include="Widget\IPopup.h">
      <Filter>헤더 파일</Filter>
    </ClInclude>
    <ClInclude Include="Widget\TestPopup.h">
      <Filter>헤더 파일</Filter>
    </ClInclude>
    <ClInclude Include="Widget\BrowserPopup.h">
      <Filter>헤더 파일</Filter>
    </ClInclude>
    <ClInclude Include="Utility\BinaryFile.h">
      <Filter>헤더 파일</Filter>
    </ClInclude>
    <ClInclude Include="Utility\tinyfiledialogs.h">
      <Filter>헤더 파일</Filter>
    </ClInclude>
    <ClInclude Include="Utility\TimeUtil.hpp">
      <Filter>헤더 파일</Filter>
    </ClInclude>
    <ClInclude Include="Core\subSystem\Database.h">
      <Filter>헤더 파일</Filter>
    </ClInclude>
    <ClInclude Include="Utility\MathUtil.hpp">
      <Filter>헤더 파일</Filter>
    </ClInclude>
    <ClInclude Include="Process\IProcess.h">
      <Filter>헤더 파일</Filter>
    </ClInclude>
    <ClInclude Include="Process\TestProcess.h">
      <Filter>헤더 파일</Filter>
    </ClInclude>
    <ClInclude Include="Widget\FileSelectWidget.h">
      <Filter>헤더 파일</Filter>
    </ClInclude>
  </ItemGroup>
</Project>